{
  "name": "prose_isit",
  "version": "2.0.1",
  "lockfileVersion": 1,
  "requires": true,
  "dependencies": {
    "prose_is": {
      "version": "2.0.2",
      "resolved": "https://registry.npmjs.org/prose_is/-/prose_is-2.0.1.tgz",
      "integrity": "sha512-F3gak44dGTChAdtaUowBSsSihOi5rpkz298y3g9E2YD/2/Wk2XzCtkxBjBiw6b+AWnuOXi3WAwmvEiRvLzyDDQ=="
    }
  }
}
